
Microsoft Visual Studio Solution File, Format Version 12.00
# Visual Studio Version 17
VisualStudioVersion = 17.13.35806.99
MinimumVisualStudioVersion = 10.0.40219.1
Project("{FAE04EC0-301F-11D3-BF4B-00C04F79EFBC}") = "UC3", "UC3\UC3.csproj", "{B70943AD-6BC0-43F1-BE18-A46AE976C4D9}"
EndProject
Project("{FAE04EC0-301F-11D3-BF4B-00C04F79EFBC}") = "MailAPI", "MailAPI\MailAPI.csproj", "{DD07657B-F54B-4FE2-AADE-03B62BF1D611}"
EndProject
Project("{FAE04EC0-301F-11D3-BF4B-00C04F79EFBC}") = "WorkoutLogger", "WorkoutLogger\WorkoutLogger.csproj", "{4EE45662-2853-402F-A553-3B194C026775}"
EndProject
Global
	GlobalSection(SolutionConfigurationPlatforms) = preSolution
		Debug|Any CPU = Debug|Any CPU
		Release|Any CPU = Release|Any CPU
	EndGlobalSection
	GlobalSection(ProjectConfigurationPlatforms) = postSolution
		{B70943AD-6BC0-43F1-BE18-A46AE976C4D9}.Debug|Any CPU.ActiveCfg = Debug|Any CPU
		{B70943AD-6BC0-43F1-BE18-A46AE976C4D9}.Debug|Any CPU.Build.0 = Debug|Any CPU
		{B70943AD-6BC0-43F1-BE18-A46AE976C4D9}.Release|Any CPU.ActiveCfg = Release|Any CPU
		{B70943AD-6BC0-43F1-BE18-A46AE976C4D9}.Release|Any CPU.Build.0 = Release|Any CPU
		{DD07657B-F54B-4FE2-AADE-03B62BF1D611}.Debug|Any CPU.ActiveCfg = Debug|Any CPU
		{DD07657B-F54B-4FE2-AADE-03B62BF1D611}.Debug|Any CPU.Build.0 = Debug|Any CPU
		{DD07657B-F54B-4FE2-AADE-03B62BF1D611}.Release|Any CPU.ActiveCfg = Release|Any CPU
		{DD07657B-F54B-4FE2-AADE-03B62BF1D611}.Release|Any CPU.Build.0 = Release|Any CPU
		{4EE45662-2853-402F-A553-3B194C026775}.Debug|Any CPU.ActiveCfg = Debug|Any CPU
		{4EE45662-2853-402F-A553-3B194C026775}.Debug|Any CPU.Build.0 = Debug|Any CPU
		{4EE45662-2853-402F-A553-3B194C026775}.Release|Any CPU.ActiveCfg = Release|Any CPU
		{4EE45662-2853-402F-A553-3B194C026775}.Release|Any CPU.Build.0 = Release|Any CPU
	EndGlobalSection
	GlobalSection(SolutionProperties) = preSolution
		HideSolutionNode = FALSE
	EndGlobalSection
	GlobalSection(ExtensibilityGlobals) = postSolution
		SolutionGuid = {A071233F-CDDF-4A0F-B77B-5A60EB5F7166}
	EndGlobalSection
EndGlobal
